lockfileVersion: 5.4

importers:

  packages/components:
    specifiers:
      '@packages/utils': workspace:*
      lodash: ^4.17.21
    dependencies:
      '@packages/utils': link:../utils
      lodash: registry.npmmirror.com/lodash/4.17.21

  packages/utils:
    specifiers:
      dayjs: ^1.11.6
    dependencies:
      dayjs: registry.npmmirror.com/dayjs/1.11.6

packages:

  registry.npmmirror.com/dayjs/1.11.6:
    resolution: {integrity: sha512-zZbY5giJAinCG+7AGaw0wIhNZ6J8AhWuSXKvuc1KAyMiRsvGQWqh4L+MomvhdAYjN+lqvVCMq1I41e3YHvXkyQ==, registry: https://registry.npm.taobao.org/, tarball: https://registry.npmmirror.com/dayjs/-/dayjs-1.11.6.tgz}
    name: dayjs
    version: 1.11.6
    dev: false

  registry.npmmirror.com/lodash/4.17.21:
    resolution: {integrity: sha512-v2kDEe57lecTulaDIuNTPy3Ry4gLGJ6Z1O3vE1krgXZNrsQ+LFTGHVxVjcXPs17LhbZVGedAJv8XZ1tvj5FvSg==, registry: https://registry.npm.taobao.org/, tarball: https://registry.npmmirror.com/lodash/-/lodash-4.17.21.tgz}
    name: lodash
    version: 4.17.21
    dev: false
